128 64
79 35 76 32 68 30 65 34 78 42 74 13 72 92 70 15 93 120 80 98 54 29 106 125 52 50 16 81 62 77 116 95 112 110 14 101 26 19 75 59 88 39 69 41 90 38 25 9 86 82 99 104 111 45 105 66 87 20 12 108 126 113 36 31 27 57 61 63 49 37 28 56 107 40 48 97 8 109 114 5 67 43 115 89 58 55 123 3 46 47 51 10 60 18 94 91 4 127 6 71 33 119 124 85 73 102 23 1 84 96 44 22 21 24 100 17 53 117 122 2 64 0 121 83 11 103 118 7
