100 153070
49 61 0 44 27 88 70 4 15 96 38 1 37 32 79 16 91 98 13 62 3 56 21 66 58 63 17 86 92 75 46 57 29 65 10 40 19 51 7 83 81 26 43 2 30 41 74 60 20 11 82 22 90 36 77 53 67 89 55 47 52 5 48 85 99 84 33 14 72 12 39 93 95 68 35 80 78 9 8 6 42 50 18 76 34 24 94 28 25 87 97 71 64 23 59 45 69 54 31 73