100 155080
99 78 0 66 42 9 82 5 23 90 49 61 89 38 8 43 11 96 47 37 13 56 60 22 58 72 2 6 81 62 26 57 29 67 10 32 18 54 92 84 31 20 88 7 40 36 75 51 93 30 97 53 71 16 87 55 27 80 25 85 52 41 28 76 91 64 34 4 77 83 39 94 95 68 15 70 59 19 48 12 46 44 98 21 63 3 1 50 14 79 17 74 24 33 69 65 86 45 35 73
