100 158918
29 67 90 57 28 11 60 95 22 12 4 33 16 68 80 35 51 18 85 99 36 86 40 3 47 73 30 15 20 32 46 55 89 54 70 78 88 87 6 43 92 10 79 96 83 63 61 82 74 72 42 44 41 26 24 76 23 7 52 5 45 50 27 14 9 31 84 91 94 97 59 66 21 39 25 71 69 8 58 34 77 38 49 2 13 93 81 48 56 0 19 64 1 98 37 62 17 65 53 75
